
Microsoft Visual Studio Solution File, Format Version 12.00
# Visual Studio Version 16
VisualStudioVersion = 16.0.29519.87
MinimumVisualStudioVersion = 10.0.40219.1
Project("{FAE04EC0-301F-11D3-BF4B-00C04F79EFBC}") = "WebApiApp", "WebApiApp\WebApiApp.csproj", "{10AF6389-55DA-4070-BC09-7CE07467CF52}"
EndProject
Global
	GlobalSection(SolutionConfigurationPlatforms) = preSolution
		Debug|Any CPU = Debug|Any CPU
		Release|Any CPU = Release|Any CPU
	EndGlobalSection
	GlobalSection(ProjectConfigurationPlatforms) = postSolution
		{10AF6389-55DA-4070-BC09-7CE07467CF52}.Debug|Any CPU.ActiveCfg = Debug|Any CPU
		{10AF6389-55DA-4070-BC09-7CE07467CF52}.Debug|Any CPU.Build.0 = Debug|Any CPU
		{10AF6389-55DA-4070-BC09-7CE07467CF52}.Release|Any CPU.ActiveCfg = Release|Any CPU
		{10AF6389-55DA-4070-BC09-7CE07467CF52}.Release|Any CPU.Build.0 = Release|Any CPU
	EndGlobalSection
	GlobalSection(SolutionProperties) = preSolution
		HideSolutionNode = FALSE
	EndGlobalSection
	GlobalSection(ExtensibilityGlobals) = postSolution
		SolutionGuid = {462693F2-2F83-4C32-89C9-AC8DA6A508BD}
	EndGlobalSection
EndGlobal
