
Microsoft Visual Studio Solution File, Format Version 12.00
# Visual Studio Version 16
VisualStudioVersion = 16.0.29519.87
MinimumVisualStudioVersion = 10.0.40219.1
Project("{FAE04EC0-301F-11D3-BF4B-00C04F79EFBC}") = "IdentityApp-", "IdentityApp-\IdentityApp-.csproj", "{EF28C397-5169-4171-94CA-3C79249E75EA}"
EndProject
Global
	GlobalSection(SolutionConfigurationPlatforms) = preSolution
		Debug|Any CPU = Debug|Any CPU
		Release|Any CPU = Release|Any CPU
	EndGlobalSection
	GlobalSection(ProjectConfigurationPlatforms) = postSolution
		{EF28C397-5169-4171-94CA-3C79249E75EA}.Debug|Any CPU.ActiveCfg = Debug|Any CPU
		{EF28C397-5169-4171-94CA-3C79249E75EA}.Debug|Any CPU.Build.0 = Debug|Any CPU
		{EF28C397-5169-4171-94CA-3C79249E75EA}.Release|Any CPU.ActiveCfg = Release|Any CPU
		{EF28C397-5169-4171-94CA-3C79249E75EA}.Release|Any CPU.Build.0 = Release|Any CPU
	EndGlobalSection
	GlobalSection(SolutionProperties) = preSolution
		HideSolutionNode = FALSE
	EndGlobalSection
	GlobalSection(ExtensibilityGlobals) = postSolution
		SolutionGuid = {F51C83A7-C5EE-4B96-B9A5-5ECA89D46E43}
	EndGlobalSection
EndGlobal
