
Microsoft Visual Studio Solution File, Format Version 12.00
# Visual Studio Version 16
VisualStudioVersion = 16.0.29519.87
MinimumVisualStudioVersion = 10.0.40219.1
Project("{FAE04EC0-301F-11D3-BF4B-00C04F79EFBC}") = "ContosoApp", "ContosoApp\ContosoApp.csproj", "{D6A7EE86-B8C1-46C3-A823-6E076C7F988C}"
EndProject
Global
	GlobalSection(SolutionConfigurationPlatforms) = preSolution
		Debug|Any CPU = Debug|Any CPU
		Release|Any CPU = Release|Any CPU
	EndGlobalSection
	GlobalSection(ProjectConfigurationPlatforms) = postSolution
		{D6A7EE86-B8C1-46C3-A823-6E076C7F988C}.Debug|Any CPU.ActiveCfg = Debug|Any CPU
		{D6A7EE86-B8C1-46C3-A823-6E076C7F988C}.Debug|Any CPU.Build.0 = Debug|Any CPU
		{D6A7EE86-B8C1-46C3-A823-6E076C7F988C}.Release|Any CPU.ActiveCfg = Release|Any CPU
		{D6A7EE86-B8C1-46C3-A823-6E076C7F988C}.Release|Any CPU.Build.0 = Release|Any CPU
	EndGlobalSection
	GlobalSection(SolutionProperties) = preSolution
		HideSolutionNode = FALSE
	EndGlobalSection
	GlobalSection(ExtensibilityGlobals) = postSolution
		SolutionGuid = {EBACCED2-8B65-42F8-ABF1-258F34EC3034}
	EndGlobalSection
EndGlobal
